// !$*UTF8*$!
{
	archiveVersion = 1;
	classes = {
	};
	objectVersion = 46;
	objects = {

/* Begin PBXBuildFile section */
		9339459E1BBF4EA5004D823C /* main.m in Sources */ = {isa = PBXBuildFile; fileRef = 9339459D1BBF4EA5004D823C /* main.m */; };
		933945A11BBF4EA5004D823C /* AppDelegate.m in Sources */ = {isa = PBXBuildFile; fileRef = 933945A01BBF4EA5004D823C /* AppDelegate.m */; };
		933945AA1BBF4EA5004D823C /* Main.storyboard in Resources */ = {isa = PBXBuildFile; fileRef = 933945A81BBF4EA5004D823C /* Main.storyboard */; };
		933945AC1BBF4EA5004D823C /* Assets.xcassets in Resources */ = {isa = PBXBuildFile; fileRef = 933945AB1BBF4EA5004D823C /* Assets.xcassets */; };
		933945AF1BBF4EA5004D823C /* LaunchScreen.storyboard in Resources */ = {isa = PBXBuildFile; fileRef = 933945AD1BBF4EA5004D823C /* LaunchScreen.storyboard */; };
		933945BA1BBF4EA5004D823C /* ATT_Hack_2015Tests.m in Sources */ = {isa = PBXBuildFile; fileRef = 933945B91BBF4EA5004D823C /* ATT_Hack_2015Tests.m */; };
		933945C51BBF4EA5004D823C /* ATT_Hack_2015UITests.m in Sources */ = {isa = PBXBuildFile; fileRef = 933945C41BBF4EA5004D823C /* ATT_Hack_2015UITests.m */; };
		933945D91BBF4EDA004D823C /* Constants.m in Sources */ = {isa = PBXBuildFile; fileRef = 933945D51BBF4EDA004D823C /* Constants.m */; settings = {ASSET_TAGS = (); }; };
		933945E11BBF53DB004D823C /* VC_Lights.m in Sources */ = {isa = PBXBuildFile; fileRef = 933945E01BBF53DB004D823C /* VC_Lights.m */; settings = {ASSET_TAGS = (); }; };
		933945E41BBF53FC004D823C /* VC_Doors.m in Sources */ = {isa = PBXBuildFile; fileRef = 933945E31BBF53FC004D823C /* VC_Doors.m */; settings = {ASSET_TAGS = (); }; };
		933945E71BBF5438004D823C /* VC_Thermostat.m in Sources */ = {isa = PBXBuildFile; fileRef = 933945E61BBF5438004D823C /* VC_Thermostat.m */; settings = {ASSET_TAGS = (); }; };
		933945EA1BBF5585004D823C /* VC_Home.m in Sources */ = {isa = PBXBuildFile; fileRef = 933945E91BBF5585004D823C /* VC_Home.m */; settings = {ASSET_TAGS = (); }; };
		933945ED1BBF5591004D823C /* VC_Login.m in Sources */ = {isa = PBXBuildFile; fileRef = 933945EC1BBF5590004D823C /* VC_Login.m */; settings = {ASSET_TAGS = (); }; };
		933945F81BBF6E58004D823C /* DLClient.m in Sources */ = {isa = PBXBuildFile; fileRef = 933945EF1BBF6E58004D823C /* DLClient.m */; settings = {ASSET_TAGS = (); }; };
		933945F91BBF6E58004D823C /* DLDevice.m in Sources */ = {isa = PBXBuildFile; fileRef = 933945F11BBF6E58004D823C /* DLDevice.m */; settings = {ASSET_TAGS = (); }; };
		933945FA1BBF6E58004D823C /* DLeServiceConnection.m in Sources */ = {isa = PBXBuildFile; fileRef = 933945F31BBF6E58004D823C /* DLeServiceConnection.m */; settings = {ASSET_TAGS = (); }; };
		933945FB1BBF6E58004D823C /* JSONHelpers.m in Sources */ = {isa = PBXBuildFile; fileRef = 933945F51BBF6E58004D823C /* JSONHelpers.m */; settings = {ASSET_TAGS = (); }; };
		933945FC1BBF6E58004D823C /* URLHelpers.m in Sources */ = {isa = PBXBuildFile; fileRef = 933945F71BBF6E58004D823C /* URLHelpers.m */; settings = {ASSET_TAGS = (); }; };
		933946001BBF8536004D823C /* Home_Back.jpg in Resources */ = {isa = PBXBuildFile; fileRef = 933945FF1BBF8536004D823C /* Home_Back.jpg */; settings = {ASSET_TAGS = (); }; };
		933946031BBF86A6004D823C /* Icon_Food.jpg in Resources */ = {isa = PBXBuildFile; fileRef = 933946021BBF86A6004D823C /* Icon_Food.jpg */; settings = {ASSET_TAGS = (); }; };
		933946071BBF8A90004D823C /* Icon_Contact.jpg in Resources */ = {isa = PBXBuildFile; fileRef = 933946041BBF8A90004D823C /* Icon_Contact.jpg */; settings = {ASSET_TAGS = (); }; };
		933946081BBF8A90004D823C /* Icon_Photo.jpg in Resources */ = {isa = PBXBuildFile; fileRef = 933946051BBF8A90004D823C /* Icon_Photo.jpg */; settings = {ASSET_TAGS = (); }; };
		933946091BBF8A90004D823C /* Icon_Signout.jpg in Resources */ = {isa = PBXBuildFile; fileRef = 933946061BBF8A90004D823C /* Icon_Signout.jpg */; settings = {ASSET_TAGS = (); }; };
		9339460E1BC03C69004D823C /* VC_Maps.m in Sources */ = {isa = PBXBuildFile; fileRef = 9339460D1BC03C69004D823C /* VC_Maps.m */; settings = {ASSET_TAGS = (); }; };
		933946141BC03C8A004D823C /* VC_ContactInfo.m in Sources */ = {isa = PBXBuildFile; fileRef = 933946131BC03C8A004D823C /* VC_ContactInfo.m */; settings = {ASSET_TAGS = (); }; };
		933946181BC03CA4004D823C /* MapKit.framework in Frameworks */ = {isa = PBXBuildFile; fileRef = 933946171BC03CA4004D823C /* MapKit.framework */; };
		93AEECE41BC04A1400803F07 /* foodObject.m in Sources */ = {isa = PBXBuildFile; fileRef = 93AEECE31BC04A1400803F07 /* foodObject.m */; settings = {ASSET_TAGS = (); }; };
		93AEECE61BC0532200803F07 /* MessageUI.framework in Frameworks */ = {isa = PBXBuildFile; fileRef = 93AEECE51BC0532200803F07 /* MessageUI.framework */; };
		93AEECE91BC0545700803F07 /* MessageComposerViewController.m in Sources */ = {isa = PBXBuildFile; fileRef = 93AEECE81BC0545700803F07 /* MessageComposerViewController.m */; settings = {ASSET_TAGS = (); }; };
		93AEECEC1BC0591900803F07 /* storyObject.m in Sources */ = {isa = PBXBuildFile; fileRef = 93AEECEB1BC0591900803F07 /* storyObject.m */; settings = {ASSET_TAGS = (); }; };
		93AEECEF1BC0593B00803F07 /* VC_StoryTable.m in Sources */ = {isa = PBXBuildFile; fileRef = 93AEECEE1BC0593B00803F07 /* VC_StoryTable.m */; settings = {ASSET_TAGS = (); }; };
		93AEECF21BC0594C00803F07 /* VC_Story.m in Sources */ = {isa = PBXBuildFile; fileRef = 93AEECF11BC0594C00803F07 /* VC_Story.m */; settings = {ASSET_TAGS = (); }; };
		93AEECF41BC0A54C00803F07 /* image1.png in Resources */ = {isa = PBXBuildFile; fileRef = 93AEECF31BC0A54C00803F07 /* image1.png */; settings = {ASSET_TAGS = (); }; };
		93AEED031BC0E49D00803F07 /* newBulb.png in Resources */ = {isa = PBXBuildFile; fileRef = 93AEECFF1BC0E49D00803F07 /* newBulb.png */; settings = {ASSET_TAGS = (); }; };
		93AEED041BC0E49D00803F07 /* newFire.png in Resources */ = {isa = PBXBuildFile; fileRef = 93AEED001BC0E49D00803F07 /* newFire.png */; settings = {ASSET_TAGS = (); }; };
		93AEED051BC0E49D00803F07 /* newHouse.png in Resources */ = {isa = PBXBuildFile; fileRef = 93AEED011BC0E49D00803F07 /* newHouse.png */; settings = {ASSET_TAGS = (); }; };
		93AEED061BC0E49D00803F07 /* newSafe.png in Resources */ = {isa = PBXBuildFile; fileRef = 93AEED021BC0E49D00803F07 /* newSafe.png */; settings = {ASSET_TAGS = (); }; };
		93AEED081BC0E5C200803F07 /* VaGo.png in Resources */ = {isa = PBXBuildFile; fileRef = 93AEED071BC0E5C200803F07 /* VaGo.png */; settings = {ASSET_TAGS = (); }; };
		93AEED0A1BC0EADC00803F07 /* Icon.png in Resources */ = {isa = PBXBuildFile; fileRef = 93AEED091BC0EADC00803F07 /* Icon.png */; settings = {ASSET_TAGS = (); }; };
/* End PBXBuildFile section */

/* Begin PBXContainerItemProxy section */
		933945B61BBF4EA5004D823C /* PBXContainerItemProxy */ = {
			isa = PBXContainerItemProxy;
			containerPortal = 933945911BBF4EA4004D823C /* Project object */;
			proxyType = 1;
			remoteGlobalIDString = 933945981BBF4EA5004D823C;
			remoteInfo = ATT_Hack_2015;
		};
		933945C11BBF4EA5004D823C /* PBXContainerItemProxy */ = {
			isa = PBXContainerItemProxy;
			containerPortal = 933945911BBF4EA4004D823C /* Project object */;
			proxyType = 1;
			remoteGlobalIDString = 933945981BBF4EA5004D823C;
			remoteInfo = ATT_Hack_2015;
		};
/* End PBXContainerItemProxy section */

/* Begin PBXFileReference section */
		933945991BBF4EA5004D823C /* VAGO.app */ = {isa = PBXFileReference; explicitFileType = wrapper.application; includeInIndex = 0; path = VAGO.app; sourceTree = BUILT_PRODUCTS_DIR; };
		9339459D1BBF4EA5004D823C /* main.m */ = {isa = PBXFileReference; lastKnownFileType = sourcecode.c.objc; path = main.m; sourceTree = "<group>"; };
		9339459F1BBF4EA5004D823C /* AppDelegate.h */ = {isa = PBXFileReference; lastKnownFileType = sourcecode.c.h; path = AppDelegate.h; sourceTree = "<group>"; };
		933945A01BBF4EA5004D823C /* AppDelegate.m */ = {isa = PBXFileReference; lastKnownFileType = sourcecode.c.objc; path = AppDelegate.m; sourceTree = "<group>"; };
		933945A91BBF4EA5004D823C /* Base */ = {isa = PBXFileReference; lastKnownFileType = file.storyboard; name = Base; path = Base.lproj/Main.storyboard; sourceTree = "<group>"; };
		933945AB1BBF4EA5004D823C /* Assets.xcassets */ = {isa = PBXFileReference; lastKnownFileType = folder.assetcatalog; path = Assets.xcassets; sourceTree = "<group>"; };
		933945AE1BBF4EA5004D823C /* Base */ = {isa = PBXFileReference; lastKnownFileType = file.storyboard; name = Base; path = Base.lproj/LaunchScreen.storyboard; sourceTree = "<group>"; };
		933945B01BBF4EA5004D823C /* Info.plist */ = {isa = PBXFileReference; lastKnownFileType = text.plist.xml; path = Info.plist; sourceTree = "<group>"; };
		933945B51BBF4EA5004D823C /* ATT_Hack_2015Tests.xctest */ = {isa = PBXFileReference; explicitFileType = wrapper.cfbundle; includeInIndex = 0; path = ATT_Hack_2015Tests.xctest; sourceTree = BUILT_PRODUCTS_DIR; };
		933945B91BBF4EA5004D823C /* ATT_Hack_2015Tests.m */ = {isa = PBXFileReference; lastKnownFileType = sourcecode.c.objc; path = ATT_Hack_2015Tests.m; sourceTree = "<group>"; };
		933945BB1BBF4EA5004D823C /* Info.plist */ = {isa = PBXFileReference; lastKnownFileType = text.plist.xml; path = Info.plist; sourceTree = "<group>"; };
		933945C01BBF4EA5004D823C /* ATT_Hack_2015UITests.xctest */ = {isa = PBXFileReference; explicitFileType = wrapper.cfbundle; includeInIndex = 0; path = ATT_Hack_2015UITests.xctest; sourceTree = BUILT_PRODUCTS_DIR; };
		933945C41BBF4EA5004D823C /* ATT_Hack_2015UITests.m */ = {isa = PBXFileReference; lastKnownFileType = sourcecode.c.objc; path = ATT_Hack_2015UITests.m; sourceTree = "<group>"; };
		933945C61BBF4EA5004D823C /* Info.plist */ = {isa = PBXFileReference; lastKnownFileType = text.plist.xml; path = Info.plist; sourceTree = "<group>"; };
		933945D41BBF4EDA004D823C /* Constants.h */ = {isa = PBXFileReference; fileEncoding = 4; lastKnownFileType = sourcecode.c.h; name = Constants.h; path = ../Constants.h; sourceTree = "<group>"; };
		933945D51BBF4EDA004D823C /* Constants.m */ = {isa = PBXFileReference; fileEncoding = 4; lastKnownFileType = sourcecode.c.objc; name = Constants.m; path = ../Constants.m; sourceTree = "<group>"; };
		933945DF1BBF53DB004D823C /* VC_Lights.h */ = {isa = PBXFileReference; fileEncoding = 4; lastKnownFileType = sourcecode.c.h; path = VC_Lights.h; sourceTree = "<group>"; };
		933945E01BBF53DB004D823C /* VC_Lights.m */ = {isa = PBXFileReference; fileEncoding = 4; lastKnownFileType = sourcecode.c.objc; path = VC_Lights.m; sourceTree = "<group>"; };
		933945E21BBF53FC004D823C /* VC_Doors.h */ = {isa = PBXFileReference; fileEncoding = 4; lastKnownFileType = sourcecode.c.h; path = VC_Doors.h; sourceTree = "<group>"; };
		933945E31BBF53FC004D823C /* VC_Doors.m */ = {isa = PBXFileReference; fileEncoding = 4; lastKnownFileType = sourcecode.c.objc; path = VC_Doors.m; sourceTree = "<group>"; };
		933945E51BBF5438004D823C /* VC_Thermostat.h */ = {isa = PBXFileReference; fileEncoding = 4; lastKnownFileType = sourcecode.c.h; path = VC_Thermostat.h; sourceTree = "<group>"; };
		933945E61BBF5438004D823C /* VC_Thermostat.m */ = {isa = PBXFileReference; fileEncoding = 4; lastKnownFileType = sourcecode.c.objc; path = VC_Thermostat.m; sourceTree = "<group>"; };
		933945E81BBF5585004D823C /* VC_Home.h */ = {isa = PBXFileReference; fileEncoding = 4; lastKnownFileType = sourcecode.c.h; path = VC_Home.h; sourceTree = "<group>"; };
		933945E91BBF5585004D823C /* VC_Home.m */ = {isa = PBXFileReference; fileEncoding = 4; lastKnownFileType = sourcecode.c.objc; path = VC_Home.m; sourceTree = "<group>"; };
		933945EB1BBF5590004D823C /* VC_Login.h */ = {isa = PBXFileReference; fileEncoding = 4; lastKnownFileType = sourcecode.c.h; path = VC_Login.h; sourceTree = "<group>"; };
		933945EC1BBF5590004D823C /* VC_Login.m */ = {isa = PBXFileReference; fileEncoding = 4; lastKnownFileType = sourcecode.c.objc; path = VC_Login.m; sourceTree = "<group>"; };
		933945EE1BBF6E58004D823C /* DLClient.h */ = {isa = PBXFileReference; fileEncoding = 4; lastKnownFileType = sourcecode.c.h; name = DLClient.h; path = ../DLClient.h; sourceTree = "<group>"; };
		933945EF1BBF6E58004D823C /* DLClient.m */ = {isa = PBXFileReference; fileEncoding = 4; lastKnownFileType = sourcecode.c.objc; name = DLClient.m; path = ../DLClient.m; sourceTree = "<group>"; };
		933945F01BBF6E58004D823C /* DLDevice.h */ = {isa = PBXFileReference; fileEncoding = 4; lastKnownFileType = sourcecode.c.h; name = DLDevice.h; path = ../DLDevice.h; sourceTree = "<group>"; };
		933945F11BBF6E58004D823C /* DLDevice.m */ = {isa = PBXFileReference; fileEncoding = 4; lastKnownFileType = sourcecode.c.objc; name = DLDevice.m; path = ../DLDevice.m; sourceTree = "<group>"; };
		933945F21BBF6E58004D823C /* DLeServiceConnection.h */ = {isa = PBXFileReference; fileEncoding = 4; lastKnownFileType = sourcecode.c.h; name = DLeServiceConnection.h; path = ../DLeServiceConnection.h; sourceTree = "<group>"; };
		933945F31BBF6E58004D823C /* DLeServiceConnection.m */ = {isa = PBXFileReference; fileEncoding = 4; lastKnownFileType = sourcecode.c.objc; name = DLeServiceConnection.m; path = ../DLeServiceConnection.m; sourceTree = "<group>"; };
		933945F41BBF6E58004D823C /* JSONHelpers.h */ = {isa = PBXFileReference; fileEncoding = 4; lastKnownFileType = sourcecode.c.h; name = JSONHelpers.h; path = ../JSONHelpers.h; sourceTree = "<group>"; };
		933945F51BBF6E58004D823C /* JSONHelpers.m */ = {isa = PBXFileReference; fileEncoding = 4; lastKnownFileType = sourcecode.c.objc; name = JSONHelpers.m; path = ../JSONHelpers.m; sourceTree = "<group>"; };
		933945F61BBF6E58004D823C /* URLHelpers.h */ = {isa = PBXFileReference; fileEncoding = 4; lastKnownFileType = sourcecode.c.h; name = URLHelpers.h; path = ../URLHelpers.h; sourceTree = "<group>"; };
		933945F71BBF6E58004D823C /* URLHelpers.m */ = {isa = PBXFileReference; fileEncoding = 4; lastKnownFileType = sourcecode.c.objc; name = URLHelpers.m; path = ../URLHelpers.m; sourceTree = "<group>"; };
		933945FF1BBF8536004D823C /* Home_Back.jpg */ = {isa = PBXFileReference; lastKnownFileType = image.jpeg; path = Home_Back.jpg; sourceTree = "<group>"; };
		933946021BBF86A6004D823C /* Icon_Food.jpg */ = {isa = PBXFileReference; lastKnownFileType = image.jpeg; path = Icon_Food.jpg; sourceTree = "<group>"; };
		933946041BBF8A90004D823C /* Icon_Contact.jpg */ = {isa = PBXFileReference; lastKnownFileType = image.jpeg; path = Icon_Contact.jpg; sourceTree = "<group>"; };
		933946051BBF8A90004D823C /* Icon_Photo.jpg */ = {isa = PBXFileReference; lastKnownFileType = image.jpeg; path = Icon_Photo.jpg; sourceTree = "<group>"; };
		933946061BBF8A90004D823C /* Icon_Signout.jpg */ = {isa = PBXFileReference; lastKnownFileType = image.jpeg; path = Icon_Signout.jpg; sourceTree = "<group>"; };
		9339460C1BC03C69004D823C /* VC_Maps.h */ = {isa = PBXFileReference; fileEncoding = 4; lastKnownFileType = sourcecode.c.h; path = VC_Maps.h; sourceTree = "<group>"; };
		9339460D1BC03C69004D823C /* VC_Maps.m */ = {isa = PBXFileReference; fileEncoding = 4; lastKnownFileType = sourcecode.c.objc; path = VC_Maps.m; sourceTree = "<group>"; };
		933946121BC03C8A004D823C /* VC_ContactInfo.h */ = {isa = PBXFileReference; fileEncoding = 4; lastKnownFileType = sourcecode.c.h; path = VC_ContactInfo.h; sourceTree = "<group>"; };
		933946131BC03C8A004D823C /* VC_ContactInfo.m */ = {isa = PBXFileReference; fileEncoding = 4; lastKnownFileType = sourcecode.c.objc; path = VC_ContactInfo.m; sourceTree = "<group>"; };
		933946171BC03CA4004D823C /* MapKit.framework */ = {isa = PBXFileReference; lastKnownFileType = wrapper.framework; name = MapKit.framework; path = System/Library/Frameworks/MapKit.framework; sourceTree = SDKROOT; };
		93AEECE21BC04A1400803F07 /* foodObject.h */ = {isa = PBXFileReference; fileEncoding = 4; lastKnownFileType = sourcecode.c.h; path = foodObject.h; sourceTree = "<group>"; };
		93AEECE31BC04A1400803F07 /* foodObject.m */ = {isa = PBXFileReference; fileEncoding = 4; lastKnownFileType = sourcecode.c.objc; path = foodObject.m; sourceTree = "<group>"; };
		93AEECE51BC0532200803F07 /* MessageUI.framework */ = {isa = PBXFileReference; lastKnownFileType = wrapper.framework; name = MessageUI.framework; path = System/Library/Frameworks/MessageUI.framework; sourceTree = SDKROOT; };
		93AEECE71BC0545700803F07 /* MessageComposerViewController.h */ = {isa = PBXFileReference; fileEncoding = 4; lastKnownFileType = sourcecode.c.h; name = MessageComposerViewController.h; path = ../../../../Downloads/MessageComposer/MessageComposerViewController.h; sourceTree = "<group>"; };
		93AEECE81BC0545700803F07 /* MessageComposerViewController.m */ = {isa = PBXFileReference; fileEncoding = 4; lastKnownFileType = sourcecode.c.objc; name = MessageComposerViewController.m; path = ../../../../Downloads/MessageComposer/MessageComposerViewController.m; sourceTree = "<group>"; };
		93AEECEA1BC0591900803F07 /* storyObject.h */ = {isa = PBXFileReference; fileEncoding = 4; lastKnownFileType = sourcecode.c.h; path = storyObject.h; sourceTree = "<group>"; };
		93AEECEB1BC0591900803F07 /* storyObject.m */ = {isa = PBXFileReference; fileEncoding = 4; lastKnownFileType = sourcecode.c.objc; path = storyObject.m; sourceTree = "<group>"; };
		93AEECED1BC0593B00803F07 /* VC_StoryTable.h */ = {isa = PBXFileReference; fileEncoding = 4; lastKnownFileType = sourcecode.c.h; path = VC_StoryTable.h; sourceTree = "<group>"; };
		93AEECEE1BC0593B00803F07 /* VC_StoryTable.m */ = {isa = PBXFileReference; fileEncoding = 4; lastKnownFileType = sourcecode.c.objc; path = VC_StoryTable.m; sourceTree = "<group>"; };
		93AEECF01BC0594C00803F07 /* VC_Story.h */ = {isa = PBXFileReference; fileEncoding = 4; lastKnownFileType = sourcecode.c.h; path = VC_Story.h; sourceTree = "<group>"; };
		93AEECF11BC0594C00803F07 /* VC_Story.m */ = {isa = PBXFileReference; fileEncoding = 4; lastKnownFileType = sourcecode.c.objc; path = VC_Story.m; sourceTree = "<group>"; };
		93AEECF31BC0A54C00803F07 /* image1.png */ = {isa = PBXFileReference; lastKnownFileType = image.png; name = image1.png; path = ../../../image1.png; sourceTree = "<group>"; };
		93AEECFF1BC0E49D00803F07 /* newBulb.png */ = {isa = PBXFileReference; lastKnownFileType = image.png; path = newBulb.png; sourceTree = "<group>"; };
		93AEED001BC0E49D00803F07 /* newFire.png */ = {isa = PBXFileReference; lastKnownFileType = image.png; path = newFire.png; sourceTree = "<group>"; };
		93AEED011BC0E49D00803F07 /* newHouse.png */ = {isa = PBXFileReference; lastKnownFileType = image.png; path = newHouse.png; sourceTree = "<group>"; };
		93AEED021BC0E49D00803F07 /* newSafe.png */ = {isa = PBXFileReference; lastKnownFileType = image.png; path = newSafe.png; sourceTree = "<group>"; };
		93AEED071BC0E5C200803F07 /* VaGo.png */ = {isa = PBXFileReference; lastKnownFileType = image.png; path = VaGo.png; sourceTree = "<group>"; };
		93AEED091BC0EADC00803F07 /* Icon.png */ = {isa = PBXFileReference; lastKnownFileType = image.png; path = Icon.png; sourceTree = "<group>"; };
/* End PBXFileReference section */

/* Begin PBXFrameworksBuildPhase section */
		933945961BBF4EA5004D823C /* Frameworks */ = {
			isa = PBXFrameworksBuildPhase;
			buildActionMask = 2147483647;
			files = (
				93AEECE61BC0532200803F07 /* MessageUI.framework in Frameworks */,
				933946181BC03CA4004D823C /* MapKit.framework in Frameworks */,
			);
			runOnlyForDeploymentPostprocessing = 0;
		};
		933945B21BBF4EA5004D823C /* Frameworks */ = {
			isa = PBXFrameworksBuildPhase;
			buildActionMask = 2147483647;
			files = (
			);
			runOnlyForDeploymentPostprocessing = 0;
		};
		933945BD1BBF4EA5004D823C /* Frameworks */ = {
			isa = PBXFrameworksBuildPhase;
			buildActionMask = 2147483647;
			files = (
			);
			runOnlyForDeploymentPostprocessing = 0;
		};
/* End PBXFrameworksBuildPhase section */

/* Begin PBXGroup section */
		933945901BBF4EA4004D823C = {
			isa = PBXGroup;
			children = (
				93AEECFF1BC0E49D00803F07 /* newBulb.png */,
				93AEED001BC0E49D00803F07 /* newFire.png */,
				93AEED011BC0E49D00803F07 /* newHouse.png */,
				93AEED021BC0E49D00803F07 /* newSafe.png */,
				93AEECE51BC0532200803F07 /* MessageUI.framework */,
				933946171BC03CA4004D823C /* MapKit.framework */,
				933946011BBF853B004D823C /* Artwork */,
				9339459B1BBF4EA5004D823C /* ATT_Hack_2015 */,
				933945B81BBF4EA5004D823C /* ATT_Hack_2015Tests */,
				933945C31BBF4EA5004D823C /* ATT_Hack_2015UITests */,
				9339459A1BBF4EA5004D823C /* Products */,
			);
			sourceTree = "<group>";
		};
		9339459A1BBF4EA5004D823C /* Products */ = {
			isa = PBXGroup;
			children = (
				933945991BBF4EA5004D823C /* VAGO.app */,
				933945B51BBF4EA5004D823C /* ATT_Hack_2015Tests.xctest */,
				933945C01BBF4EA5004D823C /* ATT_Hack_2015UITests.xctest */,
			);
			name = Products;
			sourceTree = "<group>";
		};
		9339459B1BBF4EA5004D823C /* ATT_Hack_2015 */ = {
			isa = PBXGroup;
			children = (
				933945FD1BBF6E65004D823C /* DigitalLifeClasses */,
				933945FE1BBF6E7B004D823C /* Helpers */,
				933945D41BBF4EDA004D823C /* Constants.h */,
				933945D51BBF4EDA004D823C /* Constants.m */,
				933945DC1BBF5379004D823C /* ViewControllers */,
				9339459F1BBF4EA5004D823C /* AppDelegate.h */,
				933945A01BBF4EA5004D823C /* AppDelegate.m */,
				93AEECE21BC04A1400803F07 /* foodObject.h */,
				93AEECE31BC04A1400803F07 /* foodObject.m */,
				93AEECEA1BC0591900803F07 /* storyObject.h */,
				93AEECEB1BC0591900803F07 /* storyObject.m */,
				933945A81BBF4EA5004D823C /* Main.storyboard */,
				93AEED091BC0EADC00803F07 /* Icon.png */,
				93AEED071BC0E5C200803F07 /* VaGo.png */,
				933945AB1BBF4EA5004D823C /* Assets.xcassets */,
				933945AD1BBF4EA5004D823C /* LaunchScreen.storyboard */,
				933945B01BBF4EA5004D823C /* Info.plist */,
				9339459C1BBF4EA5004D823C /* Supporting Files */,
			);
			path = ATT_Hack_2015;
			sourceTree = "<group>";
		};
		9339459C1BBF4EA5004D823C /* Supporting Files */ = {
			isa = PBXGroup;
			children = (
				9339459D1BBF4EA5004D823C /* main.m */,
			);
			name = "Supporting Files";
			sourceTree = "<group>";
		};
		933945B81BBF4EA5004D823C /* ATT_Hack_2015Tests */ = {
			isa = PBXGroup;
			children = (
				933945B91BBF4EA5004D823C /* ATT_Hack_2015Tests.m */,
				933945BB1BBF4EA5004D823C /* Info.plist */,
			);
			path = ATT_Hack_2015Tests;
			sourceTree = "<group>";
		};
		933945C31BBF4EA5004D823C /* ATT_Hack_2015UITests */ = {
			isa = PBXGroup;
			children = (
				933945C41BBF4EA5004D823C /* ATT_Hack_2015UITests.m */,
				933945C61BBF4EA5004D823C /* Info.plist */,
			);
			path = ATT_Hack_2015UITests;
			sourceTree = "<group>";
		};
		933945DC1BBF5379004D823C /* ViewControllers */ = {
			isa = PBXGroup;
			children = (
				933945E81BBF5585004D823C /* VC_Home.h */,
				933945E91BBF5585004D823C /* VC_Home.m */,
				933945EB1BBF5590004D823C /* VC_Login.h */,
				933945EC1BBF5590004D823C /* VC_Login.m */,
				933945E51BBF5438004D823C /* VC_Thermostat.h */,
				933945E61BBF5438004D823C /* VC_Thermostat.m */,
				933945E21BBF53FC004D823C /* VC_Doors.h */,
				933945E31BBF53FC004D823C /* VC_Doors.m */,
				933945DF1BBF53DB004D823C /* VC_Lights.h */,
				933945E01BBF53DB004D823C /* VC_Lights.m */,
				9339460C1BC03C69004D823C /* VC_Maps.h */,
				9339460D1BC03C69004D823C /* VC_Maps.m */,
				933946121BC03C8A004D823C /* VC_ContactInfo.h */,
				933946131BC03C8A004D823C /* VC_ContactInfo.m */,
				93AEECE71BC0545700803F07 /* MessageComposerViewController.h */,
				93AEECE81BC0545700803F07 /* MessageComposerViewController.m */,
				93AEECED1BC0593B00803F07 /* VC_StoryTable.h */,
				93AEECEE1BC0593B00803F07 /* VC_StoryTable.m */,
				93AEECF01BC0594C00803F07 /* VC_Story.h */,
				93AEECF11BC0594C00803F07 /* VC_Story.m */,
				93AEECF31BC0A54C00803F07 /* image1.png */,
			);
			name = ViewControllers;
			sourceTree = "<group>";
		};
		933945FD1BBF6E65004D823C /* DigitalLifeClasses */ = {
			isa = PBXGroup;
			children = (
				933945EE1BBF6E58004D823C /* DLClient.h */,
				933945EF1BBF6E58004D823C /* DLClient.m */,
				933945F01BBF6E58004D823C /* DLDevice.h */,
				933945F11BBF6E58004D823C /* DLDevice.m */,
				933945F21BBF6E58004D823C /* DLeServiceConnection.h */,
				933945F31BBF6E58004D823C /* DLeServiceConnection.m */,
			);
			name = DigitalLifeClasses;
			sourceTree = "<group>";
		};
		933945FE1BBF6E7B004D823C /* Helpers */ = {
			isa = PBXGroup;
			children = (
				933945F41BBF6E58004D823C /* JSONHelpers.h */,
				933945F51BBF6E58004D823C /* JSONHelpers.m */,
				933945F61BBF6E58004D823C /* URLHelpers.h */,
				933945F71BBF6E58004D823C /* URLHelpers.m */,
			);
			name = Helpers;
			sourceTree = "<group>";
		};
		933946011BBF853B004D823C /* Artwork */ = {
			isa = PBXGroup;
			children = (
				933946021BBF86A6004D823C /* Icon_Food.jpg */,
				933946041BBF8A90004D823C /* Icon_Contact.jpg */,
				933946051BBF8A90004D823C /* Icon_Photo.jpg */,
				933946061BBF8A90004D823C /* Icon_Signout.jpg */,
				933945FF1BBF8536004D823C /* Home_Back.jpg */,
			);
			name = Artwork;
			sourceTree = "<group>";
		};
/* End PBXGroup section */

/* Begin PBXNativeTarget section */
		933945981BBF4EA5004D823C /* ATT_Hack_2015 */ = {
			isa = PBXNativeTarget;
			buildConfigurationList = 933945C91BBF4EA5004D823C /* Build configuration list for PBXNativeTarget "ATT_Hack_2015" */;
			buildPhases = (
				933945951BBF4EA5004D823C /* Sources */,
				933945961BBF4EA5004D823C /* Frameworks */,
				933945971BBF4EA5004D823C /* Resources */,
			);
			buildRules = (
			);
			dependencies = (
			);
			name = ATT_Hack_2015;
			productName = ATT_Hack_2015;
			productReference = 933945991BBF4EA5004D823C /* VAGO.app */;
			productType = "com.apple.product-type.application";
		};
		933945B41BBF4EA5004D823C /* ATT_Hack_2015Tests */ = {
			isa = PBXNativeTarget;
			buildConfigurationList = 933945CC1BBF4EA5004D823C /* Build configuration list for PBXNativeTarget "ATT_Hack_2015Tests" */;
			buildPhases = (
				933945B11BBF4EA5004D823C /* Sources */,
				933945B21BBF4EA5004D823C /* Frameworks */,
				933945B31BBF4EA5004D823C /* Resources */,
			);
			buildRules = (
			);
			dependencies = (
				933945B71BBF4EA5004D823C /* PBXTargetDependency */,
			);
			name = ATT_Hack_2015Tests;
			productName = ATT_Hack_2015Tests;
			productReference = 933945B51BBF4EA5004D823C /* ATT_Hack_2015Tests.xctest */;
			productType = "com.apple.product-type.bundle.unit-test";
		};
		933945BF1BBF4EA5004D823C /* ATT_Hack_2015UITests */ = {
			isa = PBXNativeTarget;
			buildConfigurationList = 933945CF1BBF4EA5004D823C /* Build configuration list for PBXNativeTarget "ATT_Hack_2015UITests" */;
			buildPhases = (
				933945BC1BBF4EA5004D823C /* Sources */,
				933945BD1BBF4EA5004D823C /* Frameworks */,
				933945BE1BBF4EA5004D823C /* Resources */,
			);
			buildRules = (
			);
			dependencies = (
				933945C21BBF4EA5004D823C /* PBXTargetDependency */,
			);
			name = ATT_Hack_2015UITests;
			productName = ATT_Hack_2015UITests;
			productReference = 933945C01BBF4EA5004D823C /* ATT_Hack_2015UITests.xctest */;
			productType = "com.apple.product-type.bundle.ui-testing";
		};
/* End PBXNativeTarget section */

/* Begin PBXProject section */
		933945911BBF4EA4004D823C /* Project object */ = {
			isa = PBXProject;
			attributes = {
				LastUpgradeCheck = 0700;
				ORGANIZATIONNAME = "Aaron Crawfis";
				TargetAttributes = {
					933945981BBF4EA5004D823C = {
						CreatedOnToolsVersion = 7.0.1;
						SystemCapabilities = {
							com.apple.Maps.iOS = {
								enabled = 1;
							};
						};
					};
					933945B41BBF4EA5004D823C = {
						CreatedOnToolsVersion = 7.0.1;
						TestTargetID = 933945981BBF4EA5004D823C;
					};
					933945BF1BBF4EA5004D823C = {
						CreatedOnToolsVersion = 7.0.1;
						TestTargetID = 933945981BBF4EA5004D823C;
					};
				};
			};
			buildConfigurationList = 933945941BBF4EA4004D823C /* Build configuration list for PBXProject "ATT_Hack_2015" */;
			compatibilityVersion = "Xcode 3.2";
			developmentRegion = English;
			hasScannedForEncodings = 0;
			knownRegions = (
				en,
				Base,
			);
			mainGroup = 933945901BBF4EA4004D823C;
			productRefGroup = 9339459A1BBF4EA5004D823C /* Products */;
			projectDirPath = "";
			projectRoot = "";
			targets = (
				933945981BBF4EA5004D823C /* ATT_Hack_2015 */,
				933945B41BBF4EA5004D823C /* ATT_Hack_2015Tests */,
				933945BF1BBF4EA5004D823C /* ATT_Hack_2015UITests */,
			);
		};
/* End PBXProject section */

/* Begin PBXResourcesBuildPhase section */
		933945971BBF4EA5004D823C /* Resources */ = {
			isa = PBXResourcesBuildPhase;
			buildActionMask = 2147483647;
			files = (
				93AEED081BC0E5C200803F07 /* VaGo.png in Resources */,
				933946091BBF8A90004D823C /* Icon_Signout.jpg in Resources */,
				93AEED041BC0E49D00803F07 /* newFire.png in Resources */,
				93AEECF41BC0A54C00803F07 /* image1.png in Resources */,
				933945AF1BBF4EA5004D823C /* LaunchScreen.storyboard in Resources */,
				933946001BBF8536004D823C /* Home_Back.jpg in Resources */,
				93AEED051BC0E49D00803F07 /* newHouse.png in Resources */,
				93AEED061BC0E49D00803F07 /* newSafe.png in Resources */,
				933945AC1BBF4EA5004D823C /* Assets.xcassets in Resources */,
				933946071BBF8A90004D823C /* Icon_Contact.jpg in Resources */,
				933946081BBF8A90004D823C /* Icon_Photo.jpg in Resources */,
				933945AA1BBF4EA5004D823C /* Main.storyboard in Resources */,
				93AEED0A1BC0EADC00803F07 /* Icon.png in Resources */,
				933946031BBF86A6004D823C /* Icon_Food.jpg in Resources */,
				93AEED031BC0E49D00803F07 /* newBulb.png in Resources */,
			);
			runOnlyForDeploymentPostprocessing = 0;
		};
		933945B31BBF4EA5004D823C /* Resources */ = {
			isa = PBXResourcesBuildPhase;
			buildActionMask = 2147483647;
			files = (
			);
			runOnlyForDeploymentPostprocessing = 0;
		};
		933945BE1BBF4EA5004D823C /* Resources */ = {
			isa = PBXResourcesBuildPhase;
			buildActionMask = 2147483647;
			files = (
			);
			runOnlyForDeploymentPostprocessing = 0;
		};
/* End PBXResourcesBuildPhase section */

/* Begin PBXSourcesBuildPhase section */
		933945951BBF4EA5004D823C /* Sources */ = {
			isa = PBXSourcesBuildPhase;
			buildActionMask = 2147483647;
			files = (
				93AEECEF1BC0593B00803F07 /* VC_StoryTable.m in Sources */,
				933945A11BBF4EA5004D823C /* AppDelegate.m in Sources */,
				933945FB1BBF6E58004D823C /* JSONHelpers.m in Sources */,
				933945F81BBF6E58004D823C /* DLClient.m in Sources */,
				933945E11BBF53DB004D823C /* VC_Lights.m in Sources */,
				933945F91BBF6E58004D823C /* DLDevice.m in Sources */,
				93AEECE41BC04A1400803F07 /* foodObject.m in Sources */,
				933945FC1BBF6E58004D823C /* URLHelpers.m in Sources */,
				93AEECE91BC0545700803F07 /* MessageComposerViewController.m in Sources */,
				93AEECEC1BC0591900803F07 /* storyObject.m in Sources */,
				9339459E1BBF4EA5004D823C /* main.m in Sources */,
				933945E71BBF5438004D823C /* VC_Thermostat.m in Sources */,
				933945FA1BBF6E58004D823C /* DLeServiceConnection.m in Sources */,
				933945D91BBF4EDA004D823C /* Constants.m in Sources */,
				93AEECF21BC0594C00803F07 /* VC_Story.m in Sources */,
				933946141BC03C8A004D823C /* VC_ContactInfo.m in Sources */,
				933945EA1BBF5585004D823C /* VC_Home.m in Sources */,
				9339460E1BC03C69004D823C /* VC_Maps.m in Sources */,
				933945ED1BBF5591004D823C /* VC_Login.m in Sources */,
				933945E41BBF53FC004D823C /* VC_Doors.m in Sources */,
			);
			runOnlyForDeploymentPostprocessing = 0;
		};
		933945B11BBF4EA5004D823C /* Sources */ = {
			isa = PBXSourcesBuildPhase;
			buildActionMask = 2147483647;
			files = (
				933945BA1BBF4EA5004D823C /* ATT_Hack_2015Tests.m in Sources */,
			);
			runOnlyForDeploymentPostprocessing = 0;
		};
		933945BC1BBF4EA5004D823C /* Sources */ = {
			isa = PBXSourcesBuildPhase;
			buildActionMask = 2147483647;
			files = (
				933945C51BBF4EA5004D823C /* ATT_Hack_2015UITests.m in Sources */,
			);
			runOnlyForDeploymentPostprocessing = 0;
		};
/* End PBXSourcesBuildPhase section */

/* Begin PBXTargetDependency section */
		933945B71BBF4EA5004D823C /* PBXTargetDependency */ = {
			isa = PBXTargetDependency;
			target = 933945981BBF4EA5004D823C /* ATT_Hack_2015 */;
			targetProxy = 933945B61BBF4EA5004D823C /* PBXContainerItemProxy */;
		};
		933945C21BBF4EA5004D823C /* PBXTargetDependency */ = {
			isa = PBXTargetDependency;
			target = 933945981BBF4EA5004D823C /* ATT_Hack_2015 */;
			targetProxy = 933945C11BBF4EA5004D823C /* PBXContainerItemProxy */;
		};
/* End PBXTargetDependency section */

/* Begin PBXVariantGroup section */
		933945A81BBF4EA5004D823C /* Main.storyboard */ = {
			isa = PBXVariantGroup;
			children = (
				933945A91BBF4EA5004D823C /* Base */,
			);
			name = Main.storyboard;
			sourceTree = "<group>";
		};
		933945AD1BBF4EA5004D823C /* LaunchScreen.storyboard */ = {
			isa = PBXVariantGroup;
			children = (
				933945AE1BBF4EA5004D823C /* Base */,
			);
			name = LaunchScreen.storyboard;
			sourceTree = "<group>";
		};
/* End PBXVariantGroup section */

/* Begin XCBuildConfiguration section */
		933945C71BBF4EA5004D823C /* Debug */ = {
			isa = XCBuildConfiguration;
			buildSettings = {
				ALWAYS_SEARCH_USER_PATHS = NO;
				CLANG_CXX_LANGUAGE_STANDARD = "gnu++0x";
				CLANG_CXX_LIBRARY = "libc++";
				CLANG_ENABLE_MODULES = YES;
				CLANG_ENABLE_OBJC_ARC = YES;
				CLANG_WARN_BOOL_CONVERSION = YES;
				CLANG_WARN_CONSTANT_CONVERSION = YES;
				CLANG_WARN_DIRECT_OBJC_ISA_USAGE = YES_ERROR;
				CLANG_WARN_EMPTY_BODY = YES;
				CLANG_WARN_ENUM_CONVERSION = YES;
				CLANG_WARN_INT_CONVERSION = YES;
				CLANG_WARN_OBJC_ROOT_CLASS = YES_ERROR;
				CLANG_WARN_UNREACHABLE_CODE = YES;
				CLANG_WARN__DUPLICATE_METHOD_MATCH = YES;
				"CODE_SIGN_IDENTITY[sdk=iphoneos*]" = "iPhone Developer";
				COPY_PHASE_STRIP = NO;
				DEBUG_INFORMATION_FORMAT = dwarf;
				ENABLE_STRICT_OBJC_MSGSEND = YES;
				ENABLE_TESTABILITY = YES;
				GCC_C_LANGUAGE_STANDARD = gnu99;
				GCC_DYNAMIC_NO_PIC = NO;
				GCC_NO_COMMON_BLOCKS = YES;
				GCC_OPTIMIZATION_LEVEL = 0;
				GCC_PREPROCESSOR_DEFINITIONS = (
					"DEBUG=1",
					"$(inherited)",
				);
				GCC_WARN_64_TO_32_BIT_CONVERSION = YES;
				GCC_WARN_ABOUT_RETURN_TYPE = YES_ERROR;
				GCC_WARN_UNDECLARED_SELECTOR = YES;
				GCC_WARN_UNINITIALIZED_AUTOS = YES_AGGRESSIVE;
				GCC_WARN_UNUSED_FUNCTION = YES;
				GCC_WARN_UNUSED_VARIABLE = YES;
				IPHONEOS_DEPLOYMENT_TARGET = 9.0;
				MTL_ENABLE_DEBUG_INFO = YES;
				ONLY_ACTIVE_ARCH = YES;
				SDKROOT = iphoneos;
			};
			name = Debug;
		};
		933945C81BBF4EA5004D823C /* Release */ = {
			isa = XCBuildConfiguration;
			buildSettings = {
				ALWAYS_SEARCH_USER_PATHS = NO;
				CLANG_CXX_LANGUAGE_STANDARD = "gnu++0x";
				CLANG_CXX_LIBRARY = "libc++";
				CLANG_ENABLE_MODULES = YES;
				CLANG_ENABLE_OBJC_ARC = YES;
				CLANG_WARN_BOOL_CONVERSION = YES;
				CLANG_WARN_CONSTANT_CONVERSION = YES;
				CLANG_WARN_DIRECT_OBJC_ISA_USAGE = YES_ERROR;
				CLANG_WARN_EMPTY_BODY = YES;
				CLANG_WARN_ENUM_CONVERSION = YES;
				CLANG_WARN_INT_CONVERSION = YES;
				CLANG_WARN_OBJC_ROOT_CLASS = YES_ERROR;
				CLANG_WARN_UNREACHABLE_CODE = YES;
				CLANG_WARN__DUPLICATE_METHOD_MATCH = YES;
				"CODE_SIGN_IDENTITY[sdk=iphoneos*]" = "iPhone Developer";
				COPY_PHASE_STRIP = NO;
				DEBUG_INFORMATION_FORMAT = "dwarf-with-dsym";
				ENABLE_NS_ASSERTIONS = NO;
				ENABLE_STRICT_OBJC_MSGSEND = YES;
				GCC_C_LANGUAGE_STANDARD = gnu99;
				GCC_NO_COMMON_BLOCKS = YES;
				GCC_WARN_64_TO_32_BIT_CONVERSION = YES;
				GCC_WARN_ABOUT_RETURN_TYPE = YES_ERROR;
				GCC_WARN_UNDECLARED_SELECTOR = YES;
				GCC_WARN_UNINITIALIZED_AUTOS = YES_AGGRESSIVE;
				GCC_WARN_UNUSED_FUNCTION = YES;
				GCC_WARN_UNUSED_VARIABLE = YES;
				IPHONEOS_DEPLOYMENT_TARGET = 9.0;
				MTL_ENABLE_DEBUG_INFO = NO;
				SDKROOT = iphoneos;
				VALIDATE_PRODUCT = YES;
			};
			name = Release;
		};
		933945CA1BBF4EA5004D823C /* Debug */ = {
			isa = XCBuildConfiguration;
			buildSettings = {
				ASSETCATALOG_COMPILER_APPICON_NAME = AppIcon;
				INFOPLIST_FILE = ATT_Hack_2015/Info.plist;
				IPHONEOS_DEPLOYMENT_TARGET = 8.0;
				LD_RUNPATH_SEARCH_PATHS = "$(inherited) @executable_path/Frameworks";
				PRODUCT_BUNDLE_IDENTIFIER = "self.edu.Aaron.ATT-Hack-2015";
				PRODUCT_NAME = VAGO;
			};
			name = Debug;
		};
		933945CB1BBF4EA5004D823C /* Release */ = {
			isa = XCBuildConfiguration;
			buildSettings = {
				ASSETCATALOG_COMPILER_APPICON_NAME = AppIcon;
				INFOPLIST_FILE = ATT_Hack_2015/Info.plist;
				IPHONEOS_DEPLOYMENT_TARGET = 8.0;
				LD_RUNPATH_SEARCH_PATHS = "$(inherited) @executable_path/Frameworks";
				PRODUCT_BUNDLE_IDENTIFIER = "self.edu.Aaron.ATT-Hack-2015";
				PRODUCT_NAME = VAGO;
			};
			name = Release;
		};
		933945CD1BBF4EA5004D823C /* Debug */ = {
			isa = XCBuildConfiguration;
			buildSettings = {
				BUNDLE_LOADER = "$(TEST_HOST)";
				INFOPLIST_FILE = ATT_Hack_2015Tests/Info.plist;
				LD_RUNPATH_SEARCH_PATHS = "$(inherited) @executable_path/Frameworks @loader_path/Frameworks";
				PRODUCT_BUNDLE_IDENTIFIER = "self.edu.Aaron.ATT-Hack-2015Tests";
				PRODUCT_NAME = "$(TARGET_NAME)";
				TEST_HOST = "$(BUILT_PRODUCTS_DIR)/ATT_Hack_2015.app/ATT_Hack_2015";
			};
			name = Debug;
		};
		933945CE1BBF4EA5004D823C /* Release */ = {
			isa = XCBuildConfiguration;
			buildSettings = {
				BUNDLE_LOADER = "$(TEST_HOST)";
				INFOPLIST_FILE = ATT_Hack_2015Tests/Info.plist;
				LD_RUNPATH_SEARCH_PATHS = "$(inherited) @executable_path/Frameworks @loader_path/Frameworks";
				PRODUCT_BUNDLE_IDENTIFIER = "self.edu.Aaron.ATT-Hack-2015Tests";
				PRODUCT_NAME = "$(TARGET_NAME)";
				TEST_HOST = "$(BUILT_PRODUCTS_DIR)/ATT_Hack_2015.app/ATT_Hack_2015";
			};
			name = Release;
		};
		933945D01BBF4EA5004D823C /* Debug */ = {
			isa = XCBuildConfiguration;
			buildSettings = {
				INFOPLIST_FILE = ATT_Hack_2015UITests/Info.plist;
				LD_RUNPATH_SEARCH_PATHS = "$(inherited) @executable_path/Frameworks @loader_path/Frameworks";
				PRODUCT_BUNDLE_IDENTIFIER = "self.edu.Aaron.ATT-Hack-2015UITests";
				PRODUCT_NAME = "$(TARGET_NAME)";
				TEST_TARGET_NAME = ATT_Hack_2015;
				USES_XCTRUNNER = YES;
			};
			name = Debug;
		};
		933945D11BBF4EA5004D823C /* Release */ = {
			isa = XCBuildConfiguration;
			buildSettings = {
				INFOPLIST_FILE = ATT_Hack_2015UITests/Info.plist;
				LD_RUNPATH_SEARCH_PATHS = "$(inherited) @executable_path/Frameworks @loader_path/Frameworks";
				PRODUCT_BUNDLE_IDENTIFIER = "self.edu.Aaron.ATT-Hack-2015UITests";
				PRODUCT_NAME = "$(TARGET_NAME)";
				TEST_TARGET_NAME = ATT_Hack_2015;
				USES_XCTRUNNER = YES;
			};
			name = Release;
		};
/* End XCBuildConfiguration section */

/* Begin XCConfigurationList section */
		933945941BBF4EA4004D823C /* Build configuration list for PBXProject "ATT_Hack_2015" */ = {
			isa = XCConfigurationList;
			buildConfigurations = (
				933945C71BBF4EA5004D823C /* Debug */,
				933945C81BBF4EA5004D823C /* Release */,
			);
			defaultConfigurationIsVisible = 0;
			defaultConfigurationName = Release;
		};
		933945C91BBF4EA5004D823C /* Build configuration list for PBXNativeTarget "ATT_Hack_2015" */ = {
			isa = XCConfigurationList;
			buildConfigurations = (
				933945CA1BBF4EA5004D823C /* Debug */,
				933945CB1BBF4EA5004D823C /* Release */,
			);
			defaultConfigurationIsVisible = 0;
			defaultConfigurationName = Release;
		};
		933945CC1BBF4EA5004D823C /* Build configuration list for PBXNativeTarget "ATT_Hack_2015Tests" */ = {
			isa = XCConfigurationList;
			buildConfigurations = (
				933945CD1BBF4EA5004D823C /* Debug */,
				933945CE1BBF4EA5004D823C /* Release */,
			);
			defaultConfigurationIsVisible = 0;
			defaultConfigurationName = Release;
		};
		933945CF1BBF4EA5004D823C /* Build configuration list for PBXNativeTarget "ATT_Hack_2015UITests" */ = {
			isa = XCConfigurationList;
			buildConfigurations = (
				933945D01BBF4EA5004D823C /* Debug */,
				933945D11BBF4EA5004D823C /* Release */,
			);
			defaultConfigurationIsVisible = 0;
			defaultConfigurationName = Release;
		};
/* End XCConfigurationList section */
	};
	rootObject = 933945911BBF4EA4004D823C /* Project object */;
}
